
Microsoft Visual Studio Solution File, Format Version 12.00
# Visual Studio Version 17
VisualStudioVersion = 17.4.33213.308
MinimumVisualStudioVersion = 10.0.40219.1
Project("{FAE04EC0-301F-11D3-BF4B-00C04F79EFBC}") = "AltRepo", "AltRepo\AltRepo.csproj", "{74AD590F-5109-4C1F-BD44-211F7B74F20A}"
EndProject
Global
	GlobalSection(SolutionConfigurationPlatforms) = preSolution
		Debug|Any CPU = Debug|Any CPU
		Release|Any CPU = Release|Any CPU
	EndGlobalSection
	GlobalSection(ProjectConfigurationPlatforms) = postSolution
		{74AD590F-5109-4C1F-BD44-211F7B74F20A}.Debug|Any CPU.ActiveCfg = Debug|Any CPU
		{74AD590F-5109-4C1F-BD44-211F7B74F20A}.Debug|Any CPU.Build.0 = Debug|Any CPU
		{74AD590F-5109-4C1F-BD44-211F7B74F20A}.Release|Any CPU.ActiveCfg = Release|Any CPU
		{74AD590F-5109-4C1F-BD44-211F7B74F20A}.Release|Any CPU.Build.0 = Release|Any CPU
	EndGlobalSection
	GlobalSection(SolutionProperties) = preSolution
		HideSolutionNode = FALSE
	EndGlobalSection
	GlobalSection(ExtensibilityGlobals) = postSolution
		SolutionGuid = {8B7EB708-C43F-46A5-A98B-655D0C795538}
	EndGlobalSection
EndGlobal
